
Microsoft Visual Studio Solution File, Format Version 12.00
# Visual Studio Version 17
VisualStudioVersion = 17.1.32228.430
MinimumVisualStudioVersion = 10.0.40219.1
Project("{FAE04EC0-301F-11D3-BF4B-00C04F79EFBC}") = "Exercicio2", "Exercicio2\Exercicio2.csproj", "{0F0C9B90-5352-4091-BB7C-8D4A82C445BB}"
EndProject
Global
	GlobalSection(SolutionConfigurationPlatforms) = preSolution
		Debug|Any CPU = Debug|Any CPU
		Release|Any CPU = Release|Any CPU
	EndGlobalSection
	GlobalSection(ProjectConfigurationPlatforms) = postSolution
		{0F0C9B90-5352-4091-BB7C-8D4A82C445BB}.Debug|Any CPU.ActiveCfg = Debug|Any CPU
		{0F0C9B90-5352-4091-BB7C-8D4A82C445BB}.Debug|Any CPU.Build.0 = Debug|Any CPU
		{0F0C9B90-5352-4091-BB7C-8D4A82C445BB}.Release|Any CPU.ActiveCfg = Release|Any CPU
		{0F0C9B90-5352-4091-BB7C-8D4A82C445BB}.Release|Any CPU.Build.0 = Release|Any CPU
	EndGlobalSection
	GlobalSection(SolutionProperties) = preSolution
		HideSolutionNode = FALSE
	EndGlobalSection
	GlobalSection(ExtensibilityGlobals) = postSolution
		SolutionGuid = {F2D24C7B-8C98-448E-84FF-0D724D795E0F}
	EndGlobalSection
EndGlobal
